
Microsoft Visual Studio Solution File, Format Version 12.00
Project("{FAE04EC0-301F-11D3-BF4B-00C04F79EFBC}") = "GitHubActions-POC", "GitHubActions-POC\GitHubActions-POC.csproj", "{BBE834DF-8366-41ED-BC4B-2C43A53AF43A}"
EndProject
Global
	GlobalSection(SolutionConfigurationPlatforms) = preSolution
		Debug|Any CPU = Debug|Any CPU
		Release|Any CPU = Release|Any CPU
	EndGlobalSection
	GlobalSection(ProjectConfigurationPlatforms) = postSolution
		{BBE834DF-8366-41ED-BC4B-2C43A53AF43A}.Debug|Any CPU.ActiveCfg = Debug|Any CPU
		{BBE834DF-8366-41ED-BC4B-2C43A53AF43A}.Debug|Any CPU.Build.0 = Debug|Any CPU
		{BBE834DF-8366-41ED-BC4B-2C43A53AF43A}.Release|Any CPU.ActiveCfg = Release|Any CPU
		{BBE834DF-8366-41ED-BC4B-2C43A53AF43A}.Release|Any CPU.Build.0 = Release|Any CPU
	EndGlobalSection
EndGlobal
